<?xml version="1.0" encoding="utf-8"?>
<Project ToolsVersion="4.0" xmlns="http://schemas.microsoft.com/developer/msbuild/2003">
  <ItemGroup>
    <Filter Include="Source Files">
      <UniqueIdentifier>{4FC737F1-C7A5-4376-A066-2A32D752A2FF}</UniqueIdentifier>
      <Extensions>cpp;c;cc;cxx;def;odl;idl;hpj;bat;asm;asmx</Extensions>
    </Filter>
    <Filter Include="Header Files">
      <UniqueIdentifier>{93995380-89BD-4b04-88EB-625FBE52EBFB}</UniqueIdentifier>
      <Extensions>h;hh;hpp;hxx;hm;inl;inc;xsd</Extensions>
    </Filter>
    <Filter Include="Resource Files">
      <UniqueIdentifier>{67DA6AB6-F800-4c08-8B7A-83BB121AAD01}</UniqueIdentifier>
      <Extensions>rc;ico;cur;bmp;dlg;rc2;rct;bin;rgs;gif;jpg;jpeg;jpe;resx;tiff;tif;png;wav;mfcribbon-ms</Extensions>
    </Filter>
    <Filter Include="Header Files\Audio">
      <UniqueIdentifier>{c2f6e5ee-0af3-41b9-9ef6-adfef0333511}</UniqueIdentifier>
    </Filter>
    <Filter Include="Header Files\Dependencies">
      <UniqueIdentifier>{51431212-f241-4d12-82f8-d6983c2773e6}</UniqueIdentifier>
    </Filter>
    <Filter Include="Header Files\Entities">
      <UniqueIdentifier>{071951fa-b06c-4158-a9b5-fa6e33dc62bd}</UniqueIdentifier>
    </Filter>
    <Filter Include="Header Files\States">
      <UniqueIdentifier>{0d07615e-81f9-4e45-bbf2-240a9c0f0d44}</UniqueIdentifier>
    </Filter>
    <Filter Include="Source Files\Audio">
      <UniqueIdentifier>{560375a1-75d7-4916-88dd-e02cfa7c55c3}</UniqueIdentifier>
    </Filter>
    <Filter Include="Source Files\Entities">
      <UniqueIdentifier>{c71f5a90-fc7c-41f2-8188-19067c653d9d}</UniqueIdentifier>
    </Filter>
    <Filter Include="Header Files\Level management">
      <UniqueIdentifier>{7ebae8ad-3372-4592-b148-e5cc287b42a7}</UniqueIdentifier>
    </Filter>
    <Filter Include="Source Files\Level management">
      <UniqueIdentifier>{8c37a302-a0b3-428b-a5aa-68f32ffc0423}</UniqueIdentifier>
    </Filter>
    <Filter Include="Header Files\Entities\Creatures">
      <UniqueIdentifier>{a2af40fa-9a10-422e-aee3-5a4eadeb3b67}</UniqueIdentifier>
    </Filter>
    <Filter Include="Source Files\Entities\Creatures">
      <UniqueIdentifier>{fb27dd40-70de-458f-abfd-6a23c0f82be1}</UniqueIdentifier>
    </Filter>
    <Filter Include="Source Files\States">
      <UniqueIdentifier>{85dc19dd-8d9c-4187-ae39-e73f23d0bafa}</UniqueIdentifier>
    </Filter>
    <Filter Include="Header Files\Entities\particle">
      <UniqueIdentifier>{a78dc2de-ec43-411e-a9b8-e55201988158}</UniqueIdentifier>
    </Filter>
    <Filter Include="Source Files\Entities\particle">
      <UniqueIdentifier>{ec8e8c1d-f8fb-45ee-870b-a126d757722c}</UniqueIdentifier>
    </Filter>
    <Filter Include="Header Files\ScreenElements">
      <UniqueIdentifier>{6a8c5529-e49c-45e4-9ebe-c1f3f56e22d2}</UniqueIdentifier>
    </Filter>
  </ItemGroup>
  <ItemGroup>
    <ClCompile Include="main.cpp">
      <Filter>Source Files</Filter>
    </ClCompile>
    <ClCompile Include="audio\Audio.cpp">
      <Filter>Source Files\Audio</Filter>
    </ClCompile>
    <ClCompile Include="audio\Music.cpp">
      <Filter>Source Files\Audio</Filter>
    </ClCompile>
    <ClCompile Include="audio\SFX.cpp">
      <Filter>Source Files\Audio</Filter>
    </ClCompile>
    <ClCompile Include="levelManagement\Map.cpp">
      <Filter>Source Files\Level management</Filter>
    </ClCompile>
    <ClCompile Include="levelManagement\MapManager.cpp">
      <Filter>Source Files\Level management</Filter>
    </ClCompile>
    <ClCompile Include="levelManagement\Tile.cpp">
      <Filter>Source Files\Level management</Filter>
    </ClCompile>
    <ClCompile Include="levelManagement\TileType.cpp">
      <Filter>Source Files\Level management</Filter>
    </ClCompile>
    <ClCompile Include="levelManagement\TileTypeManager.cpp">
      <Filter>Source Files\Level management</Filter>
    </ClCompile>
    <ClCompile Include="Utility.cpp">
      <Filter>Source Files</Filter>
    </ClCompile>
    <ClCompile Include="Texture.cpp">
      <Filter>Source Files</Filter>
    </ClCompile>
    <ClCompile Include="Platform.cpp">
      <Filter>Source Files</Filter>
    </ClCompile>
    <ClCompile Include="entities\Entity.cpp">
      <Filter>Source Files\Entities</Filter>
    </ClCompile>
    <ClCompile Include="entities\EntityWithMotion.cpp">
      <Filter>Source Files\Entities</Filter>
    </ClCompile>
    <ClCompile Include="entities\creatures\Character.cpp">
      <Filter>Source Files\Entities\Creatures</Filter>
    </ClCompile>
    <ClCompile Include="entities\creatures\CharacterManager.cpp">
      <Filter>Source Files\Entities\Creatures</Filter>
    </ClCompile>
    <ClCompile Include="entities\creatures\CharacterType.cpp">
      <Filter>Source Files\Entities\Creatures</Filter>
    </ClCompile>
    <ClCompile Include="entities\creatures\Creature.cpp">
      <Filter>Source Files\Entities\Creatures</Filter>
    </ClCompile>
    <ClCompile Include="entities\creatures\CreatureManager.cpp">
      <Filter>Source Files\Entities\Creatures</Filter>
    </ClCompile>
    <ClCompile Include="entities\creatures\CreatureType.cpp">
      <Filter>Source Files\Entities\Creatures</Filter>
    </ClCompile>
    <ClCompile Include="entities\creatures\Grunt.cpp">
      <Filter>Source Files\Entities\Creatures</Filter>
    </ClCompile>
    <ClCompile Include="states\GameState.cpp">
      <Filter>Source Files\States</Filter>
    </ClCompile>
    <ClCompile Include="states\State.cpp">
      <Filter>Source Files\States</Filter>
    </ClCompile>
    <ClCompile Include="states\StateManager.cpp">
      <Filter>Source Files\States</Filter>
    </ClCompile>
    <ClCompile Include="entities\particles\Particle.cpp">
      <Filter>Source Files\Entities\particle</Filter>
    </ClCompile>
    <ClCompile Include="entities\particles\ParticleSystem.cpp">
      <Filter>Source Files\Entities\particle</Filter>
    </ClCompile>
    <ClCompile Include="levelManagement\RandMap.cpp">
      <Filter>Source Files\Level management</Filter>
    </ClCompile>
    <ClCompile Include="levelManagement\RoomTemplate.cpp">
      <Filter>Source Files\Level management</Filter>
    </ClCompile>
    <ClCompile Include="levelManagement\MapRoom.cpp">
      <Filter>Source Files\Level management</Filter>
    </ClCompile>
    <ClCompile Include="levelManagement\MiniMap.cpp">
      <Filter>Source Files\Level management</Filter>
    </ClCompile>
    <ClCompile Include="states\MainMenuState.cpp">
      <Filter>Source Files\States</Filter>
    </ClCompile>
    <ClCompile Include="entities\Button.cpp">
      <Filter>Source Files\Entities</Filter>
    </ClCompile>
    <ClCompile Include="states\EditorState.cpp">
      <Filter>Source Files\States</Filter>
    </ClCompile>
    <ClCompile Include="levelManagement\MiniMapIcon.cpp">
      <Filter>Source Files\Level management</Filter>
    </ClCompile>
  </ItemGroup>
  <ItemGroup>
    <ClInclude Include="states\GameState.h">
      <Filter>Header Files\States</Filter>
    </ClInclude>
    <ClInclude Include="states\State.h">
      <Filter>Header Files\States</Filter>
    </ClInclude>
    <ClInclude Include="states\StateManager.h">
      <Filter>Header Files\States</Filter>
    </ClInclude>
    <ClInclude Include="levelManagement\Map.h">
      <Filter>Header Files\Level management</Filter>
    </ClInclude>
    <ClInclude Include="levelManagement\MapManager.h">
      <Filter>Header Files\Level management</Filter>
    </ClInclude>
    <ClInclude Include="levelManagement\Tile.h">
      <Filter>Header Files\Level management</Filter>
    </ClInclude>
    <ClInclude Include="levelManagement\TileType.h">
      <Filter>Header Files\Level management</Filter>
    </ClInclude>
    <ClInclude Include="levelManagement\TileTypeManager.h">
      <Filter>Header Files\Level management</Filter>
    </ClInclude>
    <ClInclude Include="entities\Entity.h">
      <Filter>Header Files\Entities</Filter>
    </ClInclude>
    <ClInclude Include="dependencies\SDL.h">
      <Filter>Header Files\Dependencies</Filter>
    </ClInclude>
    <ClInclude Include="dependencies\SDL_image.h">
      <Filter>Header Files\Dependencies</Filter>
    </ClInclude>
    <ClInclude Include="dependencies\SDL_mixer.h">
      <Filter>Header Files\Dependencies</Filter>
    </ClInclude>
    <ClInclude Include="dependencies\SDL_ttf.h">
      <Filter>Header Files\Dependencies</Filter>
    </ClInclude>
    <ClInclude Include="audio\Audio.h">
      <Filter>Header Files\Audio</Filter>
    </ClInclude>
    <ClInclude Include="audio\Music.h">
      <Filter>Header Files\Audio</Filter>
    </ClInclude>
    <ClInclude Include="audio\SFX.h">
      <Filter>Header Files\Audio</Filter>
    </ClInclude>
    <ClInclude Include="Vec2.h">
      <Filter>Header Files</Filter>
    </ClInclude>
    <ClInclude Include="Utility.h">
      <Filter>Header Files</Filter>
    </ClInclude>
    <ClInclude Include="Texture.h">
      <Filter>Header Files</Filter>
    </ClInclude>
    <ClInclude Include="Platform.h">
      <Filter>Header Files</Filter>
    </ClInclude>
    <ClInclude Include="entities\EntityWithMotion.h">
      <Filter>Header Files\Entities</Filter>
    </ClInclude>
    <ClInclude Include="entities\creatures\Character.h">
      <Filter>Header Files\Entities\Creatures</Filter>
    </ClInclude>
    <ClInclude Include="entities\creatures\CharacterManager.h">
      <Filter>Header Files\Entities\Creatures</Filter>
    </ClInclude>
    <ClInclude Include="entities\creatures\CharacterType.h">
      <Filter>Header Files\Entities\Creatures</Filter>
    </ClInclude>
    <ClInclude Include="entities\creatures\Creature.h">
      <Filter>Header Files\Entities\Creatures</Filter>
    </ClInclude>
    <ClInclude Include="entities\creatures\CreatureManager.h">
      <Filter>Header Files\Entities\Creatures</Filter>
    </ClInclude>
    <ClInclude Include="entities\creatures\CreatureType.h">
      <Filter>Header Files\Entities\Creatures</Filter>
    </ClInclude>
    <ClInclude Include="entities\creatures\Grunt.h">
      <Filter>Header Files\Entities\Creatures</Filter>
    </ClInclude>
    <ClInclude Include="entities\particles\Particle.h">
      <Filter>Header Files\Entities\particle</Filter>
    </ClInclude>
    <ClInclude Include="entities\particles\ParticleSystem.h">
      <Filter>Header Files\Entities\particle</Filter>
    </ClInclude>
    <ClInclude Include="levelManagement\RandMap.h">
      <Filter>Header Files\Level management</Filter>
    </ClInclude>
    <ClInclude Include="levelManagement\RoomTemplate.h">
      <Filter>Header Files\Level management</Filter>
    </ClInclude>
    <ClInclude Include="levelManagement\MapRoom.h">
      <Filter>Header Files\Level management</Filter>
    </ClInclude>
    <ClInclude Include="levelManagement\MiniMap.h">
      <Filter>Header Files\Level management</Filter>
    </ClInclude>
    <ClInclude Include="states\MainMenuState.h">
      <Filter>Header Files\States</Filter>
    </ClInclude>
    <ClInclude Include="screenElements\ScreenElement.h">
      <Filter>Header Files\ScreenElements</Filter>
    </ClInclude>
    <ClInclude Include="entities\Button.h">
      <Filter>Header Files\Entities</Filter>
    </ClInclude>
    <ClInclude Include="states\EditorState.h">
      <Filter>Header Files\States</Filter>
    </ClInclude>
    <ClInclude Include="levelManagement\MiniMapIcon.h">
      <Filter>Header Files\Level management</Filter>
    </ClInclude>
  </ItemGroup>
</Project>